
Microsoft Visual Studio Solution File, Format Version 12.00
# Visual Studio 15
VisualStudioVersion = 15.0.28307.572
MinimumVisualStudioVersion = 10.0.40219.1
Project("{FAE04EC0-301F-11D3-BF4B-00C04F79EFBC}") = "Grids.Android", "Grids\Grids.Android\Grids.Android.csproj", "{27478CD5-1850-474B-9FC0-FE79B556E82E}"
EndProject
Project("{FAE04EC0-301F-11D3-BF4B-00C04F79EFBC}") = "Grids.UWP", "Grids\Grids.UWP\Grids.UWP.csproj", "{20A05D4A-6DEB-4702-8AED-F2550208A053}"
EndProject
Project("{FAE04EC0-301F-11D3-BF4B-00C04F79EFBC}") = "Grids", "Grids\Grids\Grids.csproj", "{07DFA7C0-CF02-4A1A-8EC6-1BC6F35AF982}"
EndProject
Global
	GlobalSection(SolutionConfigurationPlatforms) = preSolution
		Debug|Any CPU = Debug|Any CPU
		Debug|ARM = Debug|ARM
		Debug|x64 = Debug|x64
		Debug|x86 = Debug|x86
		Release|Any CPU = Release|Any CPU
		Release|ARM = Release|ARM
		Release|x64 = Release|x64
		Release|x86 = Release|x86
	EndGlobalSection
	GlobalSection(ProjectConfigurationPlatforms) = postSolution
		{27478CD5-1850-474B-9FC0-FE79B556E82E}.Debug|Any CPU.ActiveCfg = Debug|Any CPU
		{27478CD5-1850-474B-9FC0-FE79B556E82E}.Debug|Any CPU.Build.0 = Debug|Any CPU
		{27478CD5-1850-474B-9FC0-FE79B556E82E}.Debug|Any CPU.Deploy.0 = Debug|Any CPU
		{27478CD5-1850-474B-9FC0-FE79B556E82E}.Debug|ARM.ActiveCfg = Debug|Any CPU
		{27478CD5-1850-474B-9FC0-FE79B556E82E}.Debug|ARM.Build.0 = Debug|Any CPU
		{27478CD5-1850-474B-9FC0-FE79B556E82E}.Debug|ARM.Deploy.0 = Debug|Any CPU
		{27478CD5-1850-474B-9FC0-FE79B556E82E}.Debug|x64.ActiveCfg = Debug|Any CPU
		{27478CD5-1850-474B-9FC0-FE79B556E82E}.Debug|x64.Build.0 = Debug|Any CPU
		{27478CD5-1850-474B-9FC0-FE79B556E82E}.Debug|x64.Deploy.0 = Debug|Any CPU
		{27478CD5-1850-474B-9FC0-FE79B556E82E}.Debug|x86.ActiveCfg = Debug|Any CPU
		{27478CD5-1850-474B-9FC0-FE79B556E82E}.Debug|x86.Build.0 = Debug|Any CPU
		{27478CD5-1850-474B-9FC0-FE79B556E82E}.Debug|x86.Deploy.0 = Debug|Any CPU
		{27478CD5-1850-474B-9FC0-FE79B556E82E}.Release|Any CPU.ActiveCfg = Release|Any CPU
		{27478CD5-1850-474B-9FC0-FE79B556E82E}.Release|Any CPU.Build.0 = Release|Any CPU
		{27478CD5-1850-474B-9FC0-FE79B556E82E}.Release|Any CPU.Deploy.0 = Release|Any CPU
		{27478CD5-1850-474B-9FC0-FE79B556E82E}.Release|ARM.ActiveCfg = Release|Any CPU
		{27478CD5-1850-474B-9FC0-FE79B556E82E}.Release|ARM.Build.0 = Release|Any CPU
		{27478CD5-1850-474B-9FC0-FE79B556E82E}.Release|ARM.Deploy.0 = Release|Any CPU
		{27478CD5-1850-474B-9FC0-FE79B556E82E}.Release|x64.ActiveCfg = Release|Any CPU
		{27478CD5-1850-474B-9FC0-FE79B556E82E}.Release|x64.Build.0 = Release|Any CPU
		{27478CD5-1850-474B-9FC0-FE79B556E82E}.Release|x64.Deploy.0 = Release|Any CPU
		{27478CD5-1850-474B-9FC0-FE79B556E82E}.Release|x86.ActiveCfg = Release|Any CPU
		{27478CD5-1850-474B-9FC0-FE79B556E82E}.Release|x86.Build.0 = Release|Any CPU
		{27478CD5-1850-474B-9FC0-FE79B556E82E}.Release|x86.Deploy.0 = Release|Any CPU
		{20A05D4A-6DEB-4702-8AED-F2550208A053}.Debug|Any CPU.ActiveCfg = Debug|x86
		{20A05D4A-6DEB-4702-8AED-F2550208A053}.Debug|Any CPU.Build.0 = Debug|x86
		{20A05D4A-6DEB-4702-8AED-F2550208A053}.Debug|Any CPU.Deploy.0 = Debug|x86
		{20A05D4A-6DEB-4702-8AED-F2550208A053}.Debug|ARM.ActiveCfg = Debug|ARM
		{20A05D4A-6DEB-4702-8AED-F2550208A053}.Debug|ARM.Build.0 = Debug|ARM
		{20A05D4A-6DEB-4702-8AED-F2550208A053}.Debug|ARM.Deploy.0 = Debug|ARM
		{20A05D4A-6DEB-4702-8AED-F2550208A053}.Debug|x64.ActiveCfg = Debug|x64
		{20A05D4A-6DEB-4702-8AED-F2550208A053}.Debug|x64.Build.0 = Debug|x64
		{20A05D4A-6DEB-4702-8AED-F2550208A053}.Debug|x64.Deploy.0 = Debug|x64
		{20A05D4A-6DEB-4702-8AED-F2550208A053}.Debug|x86.ActiveCfg = Debug|x86
		{20A05D4A-6DEB-4702-8AED-F2550208A053}.Debug|x86.Build.0 = Debug|x86
		{20A05D4A-6DEB-4702-8AED-F2550208A053}.Debug|x86.Deploy.0 = Debug|x86
		{20A05D4A-6DEB-4702-8AED-F2550208A053}.Release|Any CPU.ActiveCfg = Release|x86
		{20A05D4A-6DEB-4702-8AED-F2550208A053}.Release|Any CPU.Build.0 = Release|x86
		{20A05D4A-6DEB-4702-8AED-F2550208A053}.Release|Any CPU.Deploy.0 = Release|x86
		{20A05D4A-6DEB-4702-8AED-F2550208A053}.Release|ARM.ActiveCfg = Release|ARM
		{20A05D4A-6DEB-4702-8AED-F2550208A053}.Release|ARM.Build.0 = Release|ARM
		{20A05D4A-6DEB-4702-8AED-F2550208A053}.Release|ARM.Deploy.0 = Release|ARM
		{20A05D4A-6DEB-4702-8AED-F2550208A053}.Release|x64.ActiveCfg = Release|x64
		{20A05D4A-6DEB-4702-8AED-F2550208A053}.Release|x64.Build.0 = Release|x64
		{20A05D4A-6DEB-4702-8AED-F2550208A053}.Release|x64.Deploy.0 = Release|x64
		{20A05D4A-6DEB-4702-8AED-F2550208A053}.Release|x86.ActiveCfg = Release|x86
		{20A05D4A-6DEB-4702-8AED-F2550208A053}.Release|x86.Build.0 = Release|x86
		{20A05D4A-6DEB-4702-8AED-F2550208A053}.Release|x86.Deploy.0 = Release|x86
		{07DFA7C0-CF02-4A1A-8EC6-1BC6F35AF982}.Debug|Any CPU.ActiveCfg = Debug|Any CPU
		{07DFA7C0-CF02-4A1A-8EC6-1BC6F35AF982}.Debug|Any CPU.Build.0 = Debug|Any CPU
		{07DFA7C0-CF02-4A1A-8EC6-1BC6F35AF982}.Debug|Any CPU.Deploy.0 = Debug|Any CPU
		{07DFA7C0-CF02-4A1A-8EC6-1BC6F35AF982}.Debug|ARM.ActiveCfg = Debug|Any CPU
		{07DFA7C0-CF02-4A1A-8EC6-1BC6F35AF982}.Debug|ARM.Build.0 = Debug|Any CPU
		{07DFA7C0-CF02-4A1A-8EC6-1BC6F35AF982}.Debug|ARM.Deploy.0 = Debug|Any CPU
		{07DFA7C0-CF02-4A1A-8EC6-1BC6F35AF982}.Debug|x64.ActiveCfg = Debug|Any CPU
		{07DFA7C0-CF02-4A1A-8EC6-1BC6F35AF982}.Debug|x64.Build.0 = Debug|Any CPU
		{07DFA7C0-CF02-4A1A-8EC6-1BC6F35AF982}.Debug|x64.Deploy.0 = Debug|Any CPU
		{07DFA7C0-CF02-4A1A-8EC6-1BC6F35AF982}.Debug|x86.ActiveCfg = Debug|Any CPU
		{07DFA7C0-CF02-4A1A-8EC6-1BC6F35AF982}.Debug|x86.Build.0 = Debug|Any CPU
		{07DFA7C0-CF02-4A1A-8EC6-1BC6F35AF982}.Debug|x86.Deploy.0 = Debug|Any CPU
		{07DFA7C0-CF02-4A1A-8EC6-1BC6F35AF982}.Release|Any CPU.ActiveCfg = Release|Any CPU
		{07DFA7C0-CF02-4A1A-8EC6-1BC6F35AF982}.Release|Any CPU.Build.0 = Release|Any CPU
		{07DFA7C0-CF02-4A1A-8EC6-1BC6F35AF982}.Release|Any CPU.Deploy.0 = Release|Any CPU
		{07DFA7C0-CF02-4A1A-8EC6-1BC6F35AF982}.Release|ARM.ActiveCfg = Release|Any CPU
		{07DFA7C0-CF02-4A1A-8EC6-1BC6F35AF982}.Release|ARM.Build.0 = Release|Any CPU
		{07DFA7C0-CF02-4A1A-8EC6-1BC6F35AF982}.Release|ARM.Deploy.0 = Release|Any CPU
		{07DFA7C0-CF02-4A1A-8EC6-1BC6F35AF982}.Release|x64.ActiveCfg = Release|Any CPU
		{07DFA7C0-CF02-4A1A-8EC6-1BC6F35AF982}.Release|x64.Build.0 = Release|Any CPU
		{07DFA7C0-CF02-4A1A-8EC6-1BC6F35AF982}.Release|x64.Deploy.0 = Release|Any CPU
		{07DFA7C0-CF02-4A1A-8EC6-1BC6F35AF982}.Release|x86.ActiveCfg = Release|Any CPU
		{07DFA7C0-CF02-4A1A-8EC6-1BC6F35AF982}.Release|x86.Build.0 = Release|Any CPU
		{07DFA7C0-CF02-4A1A-8EC6-1BC6F35AF982}.Release|x86.Deploy.0 = Release|Any CPU
	EndGlobalSection
	GlobalSection(SolutionProperties) = preSolution
		HideSolutionNode = FALSE
	EndGlobalSection
	GlobalSection(ExtensibilityGlobals) = postSolution
		SolutionGuid = {8C985FDA-6130-4E44-B1A2-76AA382D5A91}
	EndGlobalSection
EndGlobal
