
Microsoft Visual Studio Solution File, Format Version 12.00
# Visual Studio 15
VisualStudioVersion = 15.0.28307.705
MinimumVisualStudioVersion = 10.0.40219.1
Project("{FAE04EC0-301F-11D3-BF4B-00C04F79EFBC}") = "T11_SQLite.Android", "T11_SQLite\T11_SQLite.Android\T11_SQLite.Android.csproj", "{8BBF59D1-D479-43C0-ACB2-66064DBE359F}"
EndProject
Project("{FAE04EC0-301F-11D3-BF4B-00C04F79EFBC}") = "T11_SQLite.UWP", "T11_SQLite\T11_SQLite.UWP\T11_SQLite.UWP.csproj", "{657B9123-3823-4639-BE10-CB7A0B4F02A7}"
EndProject
Project("{FAE04EC0-301F-11D3-BF4B-00C04F79EFBC}") = "T11_SQLite", "T11_SQLite\T11_SQLite\T11_SQLite.csproj", "{8F74837C-954A-48DD-AC71-28AC67F06455}"
EndProject
Global
	GlobalSection(SolutionConfigurationPlatforms) = preSolution
		Debug|Any CPU = Debug|Any CPU
		Debug|ARM = Debug|ARM
		Debug|x64 = Debug|x64
		Debug|x86 = Debug|x86
		Release|Any CPU = Release|Any CPU
		Release|ARM = Release|ARM
		Release|x64 = Release|x64
		Release|x86 = Release|x86
	EndGlobalSection
	GlobalSection(ProjectConfigurationPlatforms) = postSolution
		{8BBF59D1-D479-43C0-ACB2-66064DBE359F}.Debug|Any CPU.ActiveCfg = Debug|Any CPU
		{8BBF59D1-D479-43C0-ACB2-66064DBE359F}.Debug|Any CPU.Build.0 = Debug|Any CPU
		{8BBF59D1-D479-43C0-ACB2-66064DBE359F}.Debug|Any CPU.Deploy.0 = Debug|Any CPU
		{8BBF59D1-D479-43C0-ACB2-66064DBE359F}.Debug|ARM.ActiveCfg = Debug|Any CPU
		{8BBF59D1-D479-43C0-ACB2-66064DBE359F}.Debug|ARM.Build.0 = Debug|Any CPU
		{8BBF59D1-D479-43C0-ACB2-66064DBE359F}.Debug|ARM.Deploy.0 = Debug|Any CPU
		{8BBF59D1-D479-43C0-ACB2-66064DBE359F}.Debug|x64.ActiveCfg = Debug|Any CPU
		{8BBF59D1-D479-43C0-ACB2-66064DBE359F}.Debug|x64.Build.0 = Debug|Any CPU
		{8BBF59D1-D479-43C0-ACB2-66064DBE359F}.Debug|x64.Deploy.0 = Debug|Any CPU
		{8BBF59D1-D479-43C0-ACB2-66064DBE359F}.Debug|x86.ActiveCfg = Debug|Any CPU
		{8BBF59D1-D479-43C0-ACB2-66064DBE359F}.Debug|x86.Build.0 = Debug|Any CPU
		{8BBF59D1-D479-43C0-ACB2-66064DBE359F}.Debug|x86.Deploy.0 = Debug|Any CPU
		{8BBF59D1-D479-43C0-ACB2-66064DBE359F}.Release|Any CPU.ActiveCfg = Release|Any CPU
		{8BBF59D1-D479-43C0-ACB2-66064DBE359F}.Release|Any CPU.Build.0 = Release|Any CPU
		{8BBF59D1-D479-43C0-ACB2-66064DBE359F}.Release|Any CPU.Deploy.0 = Release|Any CPU
		{8BBF59D1-D479-43C0-ACB2-66064DBE359F}.Release|ARM.ActiveCfg = Release|Any CPU
		{8BBF59D1-D479-43C0-ACB2-66064DBE359F}.Release|ARM.Build.0 = Release|Any CPU
		{8BBF59D1-D479-43C0-ACB2-66064DBE359F}.Release|ARM.Deploy.0 = Release|Any CPU
		{8BBF59D1-D479-43C0-ACB2-66064DBE359F}.Release|x64.ActiveCfg = Release|Any CPU
		{8BBF59D1-D479-43C0-ACB2-66064DBE359F}.Release|x64.Build.0 = Release|Any CPU
		{8BBF59D1-D479-43C0-ACB2-66064DBE359F}.Release|x64.Deploy.0 = Release|Any CPU
		{8BBF59D1-D479-43C0-ACB2-66064DBE359F}.Release|x86.ActiveCfg = Release|Any CPU
		{8BBF59D1-D479-43C0-ACB2-66064DBE359F}.Release|x86.Build.0 = Release|Any CPU
		{8BBF59D1-D479-43C0-ACB2-66064DBE359F}.Release|x86.Deploy.0 = Release|Any CPU
		{657B9123-3823-4639-BE10-CB7A0B4F02A7}.Debug|Any CPU.ActiveCfg = Debug|x86
		{657B9123-3823-4639-BE10-CB7A0B4F02A7}.Debug|Any CPU.Build.0 = Debug|x86
		{657B9123-3823-4639-BE10-CB7A0B4F02A7}.Debug|Any CPU.Deploy.0 = Debug|x86
		{657B9123-3823-4639-BE10-CB7A0B4F02A7}.Debug|ARM.ActiveCfg = Debug|ARM
		{657B9123-3823-4639-BE10-CB7A0B4F02A7}.Debug|ARM.Build.0 = Debug|ARM
		{657B9123-3823-4639-BE10-CB7A0B4F02A7}.Debug|ARM.Deploy.0 = Debug|ARM
		{657B9123-3823-4639-BE10-CB7A0B4F02A7}.Debug|x64.ActiveCfg = Debug|x64
		{657B9123-3823-4639-BE10-CB7A0B4F02A7}.Debug|x64.Build.0 = Debug|x64
		{657B9123-3823-4639-BE10-CB7A0B4F02A7}.Debug|x64.Deploy.0 = Debug|x64
		{657B9123-3823-4639-BE10-CB7A0B4F02A7}.Debug|x86.ActiveCfg = Debug|x86
		{657B9123-3823-4639-BE10-CB7A0B4F02A7}.Debug|x86.Build.0 = Debug|x86
		{657B9123-3823-4639-BE10-CB7A0B4F02A7}.Debug|x86.Deploy.0 = Debug|x86
		{657B9123-3823-4639-BE10-CB7A0B4F02A7}.Release|Any CPU.ActiveCfg = Release|x86
		{657B9123-3823-4639-BE10-CB7A0B4F02A7}.Release|Any CPU.Build.0 = Release|x86
		{657B9123-3823-4639-BE10-CB7A0B4F02A7}.Release|Any CPU.Deploy.0 = Release|x86
		{657B9123-3823-4639-BE10-CB7A0B4F02A7}.Release|ARM.ActiveCfg = Release|ARM
		{657B9123-3823-4639-BE10-CB7A0B4F02A7}.Release|ARM.Build.0 = Release|ARM
		{657B9123-3823-4639-BE10-CB7A0B4F02A7}.Release|ARM.Deploy.0 = Release|ARM
		{657B9123-3823-4639-BE10-CB7A0B4F02A7}.Release|x64.ActiveCfg = Release|x64
		{657B9123-3823-4639-BE10-CB7A0B4F02A7}.Release|x64.Build.0 = Release|x64
		{657B9123-3823-4639-BE10-CB7A0B4F02A7}.Release|x64.Deploy.0 = Release|x64
		{657B9123-3823-4639-BE10-CB7A0B4F02A7}.Release|x86.ActiveCfg = Release|x86
		{657B9123-3823-4639-BE10-CB7A0B4F02A7}.Release|x86.Build.0 = Release|x86
		{657B9123-3823-4639-BE10-CB7A0B4F02A7}.Release|x86.Deploy.0 = Release|x86
		{8F74837C-954A-48DD-AC71-28AC67F06455}.Debug|Any CPU.ActiveCfg = Debug|Any CPU
		{8F74837C-954A-48DD-AC71-28AC67F06455}.Debug|Any CPU.Build.0 = Debug|Any CPU
		{8F74837C-954A-48DD-AC71-28AC67F06455}.Debug|Any CPU.Deploy.0 = Debug|Any CPU
		{8F74837C-954A-48DD-AC71-28AC67F06455}.Debug|ARM.ActiveCfg = Debug|Any CPU
		{8F74837C-954A-48DD-AC71-28AC67F06455}.Debug|ARM.Build.0 = Debug|Any CPU
		{8F74837C-954A-48DD-AC71-28AC67F06455}.Debug|ARM.Deploy.0 = Debug|Any CPU
		{8F74837C-954A-48DD-AC71-28AC67F06455}.Debug|x64.ActiveCfg = Debug|Any CPU
		{8F74837C-954A-48DD-AC71-28AC67F06455}.Debug|x64.Build.0 = Debug|Any CPU
		{8F74837C-954A-48DD-AC71-28AC67F06455}.Debug|x64.Deploy.0 = Debug|Any CPU
		{8F74837C-954A-48DD-AC71-28AC67F06455}.Debug|x86.ActiveCfg = Debug|Any CPU
		{8F74837C-954A-48DD-AC71-28AC67F06455}.Debug|x86.Build.0 = Debug|Any CPU
		{8F74837C-954A-48DD-AC71-28AC67F06455}.Debug|x86.Deploy.0 = Debug|Any CPU
		{8F74837C-954A-48DD-AC71-28AC67F06455}.Release|Any CPU.ActiveCfg = Release|Any CPU
		{8F74837C-954A-48DD-AC71-28AC67F06455}.Release|Any CPU.Build.0 = Release|Any CPU
		{8F74837C-954A-48DD-AC71-28AC67F06455}.Release|Any CPU.Deploy.0 = Release|Any CPU
		{8F74837C-954A-48DD-AC71-28AC67F06455}.Release|ARM.ActiveCfg = Release|Any CPU
		{8F74837C-954A-48DD-AC71-28AC67F06455}.Release|ARM.Build.0 = Release|Any CPU
		{8F74837C-954A-48DD-AC71-28AC67F06455}.Release|ARM.Deploy.0 = Release|Any CPU
		{8F74837C-954A-48DD-AC71-28AC67F06455}.Release|x64.ActiveCfg = Release|Any CPU
		{8F74837C-954A-48DD-AC71-28AC67F06455}.Release|x64.Build.0 = Release|Any CPU
		{8F74837C-954A-48DD-AC71-28AC67F06455}.Release|x64.Deploy.0 = Release|Any CPU
		{8F74837C-954A-48DD-AC71-28AC67F06455}.Release|x86.ActiveCfg = Release|Any CPU
		{8F74837C-954A-48DD-AC71-28AC67F06455}.Release|x86.Build.0 = Release|Any CPU
		{8F74837C-954A-48DD-AC71-28AC67F06455}.Release|x86.Deploy.0 = Release|Any CPU
	EndGlobalSection
	GlobalSection(SolutionProperties) = preSolution
		HideSolutionNode = FALSE
	EndGlobalSection
	GlobalSection(ExtensibilityGlobals) = postSolution
		SolutionGuid = {90FE7D10-6487-4549-875E-3DA35FC775CD}
	EndGlobalSection
EndGlobal
