
Microsoft Visual Studio Solution File, Format Version 12.00
# Visual Studio 15
VisualStudioVersion = 15.0.28307.757
MinimumVisualStudioVersion = 10.0.40219.1
Project("{FAE04EC0-301F-11D3-BF4B-00C04F79EFBC}") = "XM_PlayGround.Android", "XM_PlayGround\XM_PlayGround.Android\XM_PlayGround.Android.csproj", "{DBD4034A-D284-4DC5-BD3F-9E53497E9279}"
EndProject
Project("{FAE04EC0-301F-11D3-BF4B-00C04F79EFBC}") = "XM_PlayGround.UWP", "XM_PlayGround\XM_PlayGround.UWP\XM_PlayGround.UWP.csproj", "{5DDF7C1B-513C-4D20-A7BA-5760CED86C39}"
EndProject
Project("{FAE04EC0-301F-11D3-BF4B-00C04F79EFBC}") = "XM_PlayGround", "XM_PlayGround\XM_PlayGround\XM_PlayGround.csproj", "{3ACD9E1A-5D84-4059-86F7-5EE2917E3DA3}"
EndProject
Project("{FAE04EC0-301F-11D3-BF4B-00C04F79EFBC}") = "PCLToolKit", "..\PCLToolKit\PCLToolKit.csproj", "{ADAA2E69-8EFA-4272-8E8A-D65B3DEDF21E}"
EndProject
Global
	GlobalSection(SolutionConfigurationPlatforms) = preSolution
		Debug|Any CPU = Debug|Any CPU
		Debug|ARM = Debug|ARM
		Debug|x64 = Debug|x64
		Debug|x86 = Debug|x86
		Release|Any CPU = Release|Any CPU
		Release|ARM = Release|ARM
		Release|x64 = Release|x64
		Release|x86 = Release|x86
	EndGlobalSection
	GlobalSection(ProjectConfigurationPlatforms) = postSolution
		{DBD4034A-D284-4DC5-BD3F-9E53497E9279}.Debug|Any CPU.ActiveCfg = Debug|Any CPU
		{DBD4034A-D284-4DC5-BD3F-9E53497E9279}.Debug|Any CPU.Build.0 = Debug|Any CPU
		{DBD4034A-D284-4DC5-BD3F-9E53497E9279}.Debug|Any CPU.Deploy.0 = Debug|Any CPU
		{DBD4034A-D284-4DC5-BD3F-9E53497E9279}.Debug|ARM.ActiveCfg = Debug|Any CPU
		{DBD4034A-D284-4DC5-BD3F-9E53497E9279}.Debug|ARM.Build.0 = Debug|Any CPU
		{DBD4034A-D284-4DC5-BD3F-9E53497E9279}.Debug|ARM.Deploy.0 = Debug|Any CPU
		{DBD4034A-D284-4DC5-BD3F-9E53497E9279}.Debug|x64.ActiveCfg = Debug|Any CPU
		{DBD4034A-D284-4DC5-BD3F-9E53497E9279}.Debug|x64.Build.0 = Debug|Any CPU
		{DBD4034A-D284-4DC5-BD3F-9E53497E9279}.Debug|x64.Deploy.0 = Debug|Any CPU
		{DBD4034A-D284-4DC5-BD3F-9E53497E9279}.Debug|x86.ActiveCfg = Debug|Any CPU
		{DBD4034A-D284-4DC5-BD3F-9E53497E9279}.Debug|x86.Build.0 = Debug|Any CPU
		{DBD4034A-D284-4DC5-BD3F-9E53497E9279}.Debug|x86.Deploy.0 = Debug|Any CPU
		{DBD4034A-D284-4DC5-BD3F-9E53497E9279}.Release|Any CPU.ActiveCfg = Release|Any CPU
		{DBD4034A-D284-4DC5-BD3F-9E53497E9279}.Release|Any CPU.Build.0 = Release|Any CPU
		{DBD4034A-D284-4DC5-BD3F-9E53497E9279}.Release|Any CPU.Deploy.0 = Release|Any CPU
		{DBD4034A-D284-4DC5-BD3F-9E53497E9279}.Release|ARM.ActiveCfg = Release|Any CPU
		{DBD4034A-D284-4DC5-BD3F-9E53497E9279}.Release|ARM.Build.0 = Release|Any CPU
		{DBD4034A-D284-4DC5-BD3F-9E53497E9279}.Release|ARM.Deploy.0 = Release|Any CPU
		{DBD4034A-D284-4DC5-BD3F-9E53497E9279}.Release|x64.ActiveCfg = Release|Any CPU
		{DBD4034A-D284-4DC5-BD3F-9E53497E9279}.Release|x64.Build.0 = Release|Any CPU
		{DBD4034A-D284-4DC5-BD3F-9E53497E9279}.Release|x64.Deploy.0 = Release|Any CPU
		{DBD4034A-D284-4DC5-BD3F-9E53497E9279}.Release|x86.ActiveCfg = Release|Any CPU
		{DBD4034A-D284-4DC5-BD3F-9E53497E9279}.Release|x86.Build.0 = Release|Any CPU
		{DBD4034A-D284-4DC5-BD3F-9E53497E9279}.Release|x86.Deploy.0 = Release|Any CPU
		{5DDF7C1B-513C-4D20-A7BA-5760CED86C39}.Debug|Any CPU.ActiveCfg = Debug|x86
		{5DDF7C1B-513C-4D20-A7BA-5760CED86C39}.Debug|Any CPU.Build.0 = Debug|x86
		{5DDF7C1B-513C-4D20-A7BA-5760CED86C39}.Debug|Any CPU.Deploy.0 = Debug|x86
		{5DDF7C1B-513C-4D20-A7BA-5760CED86C39}.Debug|ARM.ActiveCfg = Debug|ARM
		{5DDF7C1B-513C-4D20-A7BA-5760CED86C39}.Debug|ARM.Build.0 = Debug|ARM
		{5DDF7C1B-513C-4D20-A7BA-5760CED86C39}.Debug|ARM.Deploy.0 = Debug|ARM
		{5DDF7C1B-513C-4D20-A7BA-5760CED86C39}.Debug|x64.ActiveCfg = Debug|x64
		{5DDF7C1B-513C-4D20-A7BA-5760CED86C39}.Debug|x64.Build.0 = Debug|x64
		{5DDF7C1B-513C-4D20-A7BA-5760CED86C39}.Debug|x64.Deploy.0 = Debug|x64
		{5DDF7C1B-513C-4D20-A7BA-5760CED86C39}.Debug|x86.ActiveCfg = Debug|x86
		{5DDF7C1B-513C-4D20-A7BA-5760CED86C39}.Debug|x86.Build.0 = Debug|x86
		{5DDF7C1B-513C-4D20-A7BA-5760CED86C39}.Debug|x86.Deploy.0 = Debug|x86
		{5DDF7C1B-513C-4D20-A7BA-5760CED86C39}.Release|Any CPU.ActiveCfg = Release|x86
		{5DDF7C1B-513C-4D20-A7BA-5760CED86C39}.Release|Any CPU.Build.0 = Release|x86
		{5DDF7C1B-513C-4D20-A7BA-5760CED86C39}.Release|Any CPU.Deploy.0 = Release|x86
		{5DDF7C1B-513C-4D20-A7BA-5760CED86C39}.Release|ARM.ActiveCfg = Release|ARM
		{5DDF7C1B-513C-4D20-A7BA-5760CED86C39}.Release|ARM.Build.0 = Release|ARM
		{5DDF7C1B-513C-4D20-A7BA-5760CED86C39}.Release|ARM.Deploy.0 = Release|ARM
		{5DDF7C1B-513C-4D20-A7BA-5760CED86C39}.Release|x64.ActiveCfg = Release|x64
		{5DDF7C1B-513C-4D20-A7BA-5760CED86C39}.Release|x64.Build.0 = Release|x64
		{5DDF7C1B-513C-4D20-A7BA-5760CED86C39}.Release|x64.Deploy.0 = Release|x64
		{5DDF7C1B-513C-4D20-A7BA-5760CED86C39}.Release|x86.ActiveCfg = Release|x86
		{5DDF7C1B-513C-4D20-A7BA-5760CED86C39}.Release|x86.Build.0 = Release|x86
		{5DDF7C1B-513C-4D20-A7BA-5760CED86C39}.Release|x86.Deploy.0 = Release|x86
		{3ACD9E1A-5D84-4059-86F7-5EE2917E3DA3}.Debug|Any CPU.ActiveCfg = Debug|Any CPU
		{3ACD9E1A-5D84-4059-86F7-5EE2917E3DA3}.Debug|Any CPU.Build.0 = Debug|Any CPU
		{3ACD9E1A-5D84-4059-86F7-5EE2917E3DA3}.Debug|Any CPU.Deploy.0 = Debug|Any CPU
		{3ACD9E1A-5D84-4059-86F7-5EE2917E3DA3}.Debug|ARM.ActiveCfg = Debug|Any CPU
		{3ACD9E1A-5D84-4059-86F7-5EE2917E3DA3}.Debug|ARM.Build.0 = Debug|Any CPU
		{3ACD9E1A-5D84-4059-86F7-5EE2917E3DA3}.Debug|ARM.Deploy.0 = Debug|Any CPU
		{3ACD9E1A-5D84-4059-86F7-5EE2917E3DA3}.Debug|x64.ActiveCfg = Debug|Any CPU
		{3ACD9E1A-5D84-4059-86F7-5EE2917E3DA3}.Debug|x64.Build.0 = Debug|Any CPU
		{3ACD9E1A-5D84-4059-86F7-5EE2917E3DA3}.Debug|x64.Deploy.0 = Debug|Any CPU
		{3ACD9E1A-5D84-4059-86F7-5EE2917E3DA3}.Debug|x86.ActiveCfg = Debug|Any CPU
		{3ACD9E1A-5D84-4059-86F7-5EE2917E3DA3}.Debug|x86.Build.0 = Debug|Any CPU
		{3ACD9E1A-5D84-4059-86F7-5EE2917E3DA3}.Debug|x86.Deploy.0 = Debug|Any CPU
		{3ACD9E1A-5D84-4059-86F7-5EE2917E3DA3}.Release|Any CPU.ActiveCfg = Release|Any CPU
		{3ACD9E1A-5D84-4059-86F7-5EE2917E3DA3}.Release|Any CPU.Build.0 = Release|Any CPU
		{3ACD9E1A-5D84-4059-86F7-5EE2917E3DA3}.Release|Any CPU.Deploy.0 = Release|Any CPU
		{3ACD9E1A-5D84-4059-86F7-5EE2917E3DA3}.Release|ARM.ActiveCfg = Release|Any CPU
		{3ACD9E1A-5D84-4059-86F7-5EE2917E3DA3}.Release|ARM.Build.0 = Release|Any CPU
		{3ACD9E1A-5D84-4059-86F7-5EE2917E3DA3}.Release|ARM.Deploy.0 = Release|Any CPU
		{3ACD9E1A-5D84-4059-86F7-5EE2917E3DA3}.Release|x64.ActiveCfg = Release|Any CPU
		{3ACD9E1A-5D84-4059-86F7-5EE2917E3DA3}.Release|x64.Build.0 = Release|Any CPU
		{3ACD9E1A-5D84-4059-86F7-5EE2917E3DA3}.Release|x64.Deploy.0 = Release|Any CPU
		{3ACD9E1A-5D84-4059-86F7-5EE2917E3DA3}.Release|x86.ActiveCfg = Release|Any CPU
		{3ACD9E1A-5D84-4059-86F7-5EE2917E3DA3}.Release|x86.Build.0 = Release|Any CPU
		{3ACD9E1A-5D84-4059-86F7-5EE2917E3DA3}.Release|x86.Deploy.0 = Release|Any CPU
		{ADAA2E69-8EFA-4272-8E8A-D65B3DEDF21E}.Debug|Any CPU.ActiveCfg = Debug|Any CPU
		{ADAA2E69-8EFA-4272-8E8A-D65B3DEDF21E}.Debug|Any CPU.Build.0 = Debug|Any CPU
		{ADAA2E69-8EFA-4272-8E8A-D65B3DEDF21E}.Debug|ARM.ActiveCfg = Debug|Any CPU
		{ADAA2E69-8EFA-4272-8E8A-D65B3DEDF21E}.Debug|ARM.Build.0 = Debug|Any CPU
		{ADAA2E69-8EFA-4272-8E8A-D65B3DEDF21E}.Debug|x64.ActiveCfg = Debug|Any CPU
		{ADAA2E69-8EFA-4272-8E8A-D65B3DEDF21E}.Debug|x64.Build.0 = Debug|Any CPU
		{ADAA2E69-8EFA-4272-8E8A-D65B3DEDF21E}.Debug|x86.ActiveCfg = Debug|Any CPU
		{ADAA2E69-8EFA-4272-8E8A-D65B3DEDF21E}.Debug|x86.Build.0 = Debug|Any CPU
		{ADAA2E69-8EFA-4272-8E8A-D65B3DEDF21E}.Release|Any CPU.ActiveCfg = Release|Any CPU
		{ADAA2E69-8EFA-4272-8E8A-D65B3DEDF21E}.Release|Any CPU.Build.0 = Release|Any CPU
		{ADAA2E69-8EFA-4272-8E8A-D65B3DEDF21E}.Release|ARM.ActiveCfg = Release|Any CPU
		{ADAA2E69-8EFA-4272-8E8A-D65B3DEDF21E}.Release|ARM.Build.0 = Release|Any CPU
		{ADAA2E69-8EFA-4272-8E8A-D65B3DEDF21E}.Release|x64.ActiveCfg = Release|Any CPU
		{ADAA2E69-8EFA-4272-8E8A-D65B3DEDF21E}.Release|x64.Build.0 = Release|Any CPU
		{ADAA2E69-8EFA-4272-8E8A-D65B3DEDF21E}.Release|x86.ActiveCfg = Release|Any CPU
		{ADAA2E69-8EFA-4272-8E8A-D65B3DEDF21E}.Release|x86.Build.0 = Release|Any CPU
	EndGlobalSection
	GlobalSection(SolutionProperties) = preSolution
		HideSolutionNode = FALSE
	EndGlobalSection
	GlobalSection(ExtensibilityGlobals) = postSolution
		SolutionGuid = {3500F118-E560-4736-96F5-0EEAAECA34EE}
	EndGlobalSection
EndGlobal
